
Microsoft Visual Studio Solution File, Format Version 12.00
# Visual Studio Version 17
VisualStudioVersion = 17.6.33829.357
MinimumVisualStudioVersion = 10.0.40219.1
Project("{FAE04EC0-301F-11D3-BF4B-00C04F79EFBC}") = "TicTacToe", "TicTacToe\TicTacToe.csproj", "{EA6C8000-B20C-40C8-A65A-E4E7E8EFB851}"
EndProject
Global
	GlobalSection(SolutionConfigurationPlatforms) = preSolution
		Debug|Any CPU = Debug|Any CPU
		Release|Any CPU = Release|Any CPU
	EndGlobalSection
	GlobalSection(ProjectConfigurationPlatforms) = postSolution
		{EA6C8000-B20C-40C8-A65A-E4E7E8EFB851}.Debug|Any CPU.ActiveCfg = Debug|Any CPU
		{EA6C8000-B20C-40C8-A65A-E4E7E8EFB851}.Debug|Any CPU.Build.0 = Debug|Any CPU
		{EA6C8000-B20C-40C8-A65A-E4E7E8EFB851}.Release|Any CPU.ActiveCfg = Release|Any CPU
		{EA6C8000-B20C-40C8-A65A-E4E7E8EFB851}.Release|Any CPU.Build.0 = Release|Any CPU
	EndGlobalSection
	GlobalSection(SolutionProperties) = preSolution
		HideSolutionNode = FALSE
	EndGlobalSection
	GlobalSection(ExtensibilityGlobals) = postSolution
		SolutionGuid = {925ACE6C-BA95-4C44-8364-75720E29AFF7}
	EndGlobalSection
EndGlobal
